<Solution>
  <Folder Name="/Apps/">
    <Project Path="Apps/ScalarLibrary/ScalarLibrary.csproj" Id="0b3738fe-2c60-4e66-bcc7-5566d2904322" />
    <Project Path="Apps/SwaggerLibrary/SwaggerLibrary.csproj" Id="93f34e89-bdd9-49ac-b758-f4f1ab14d4b6" />
  </Folder>
  <Folder Name="/CancellationToken/">
    <Project Path="CancellationToken/CT.WebApi/CT.WebApi.csproj" Id="2c98a388-1282-4ad9-ba25-7308c3b39a3e" />
  </Folder>
  <Folder Name="/ConsoleApps/">
    <Project Path="ConsoleApps/HttpRequestHandler/HttpRequestHandler.csproj" Id="1531ee40-2e65-4a0d-b9e6-0513f4097f12" />
  </Folder>
  <Folder Name="/SoapParser/">
    <Project Path="SoapParser/SoapParserApi/SoapParserApi.csproj" Id="296ef556-07f0-421b-bb85-baaf2224d823" />
    <Project Path="SoapParser/SoapParserWCF/SoapParserWCF.csproj" Id="0827498c-c7f4-41cb-8d92-a6f7eafad0dd" />
    <Project Path="SoapParser/SoapParserWebApi/SoapParserWebApi.csproj" Id="5301f872-6b80-4b37-8e35-976f094890d7" />
  </Folder>
  <Folder Name="/StimulsoftGenerator/">
    <Project Path="StimulsoftGenerator/WCFApplication/WCFApplication.csproj" Id="91da65b2-91c3-473b-9ea1-b9060ed12b69" />
    <Project Path="StimulsoftGenerator/WCFWebApi/WCFWebApi.csproj" Id="cbd763ee-7704-44ce-888f-3ea5abb8da1f" />
  </Folder>
  <Folder Name="/Templates/" />
  <Folder Name="/Templates/AngularJs/">
    <Project Path="Templates/AngularJs/AngularJs.RazorTemplate/AngularJs.RazorTemplate.csproj" Id="ec18da66-82df-434c-8856-f08fd12b8360" />
  </Folder>
  <Folder Name="/Templates/UpVersion/">
    <Project Path="Templates/UpVersion/UpVersion.WebApp/UpVersion.WebApp.csproj" Id="ac0fce57-0d81-438d-80d1-e74fd4719473" />
  </Folder>
  <Folder Name="/UnitOfWork/">
    <Project Path="UnitOfWork/UnitOfWork.WebApp/UnitOfWork.WebApp.csproj" Id="c390d242-f345-446b-b533-b6958d8adc77" />
  </Folder>
  <Folder Name="/WCF/">
    <Project Path="WCF/WCFServiceApplication/WCFServiceApplication.csproj" Id="a57af62f-f605-46cf-93cb-3e27e049cf60" />
    <Project Path="WCF/WcfServiceWebApi/WcfServiceWebApi.csproj" Id="c0f5406e-529e-46a6-bb38-b22cf3eed815" />
  </Folder>
</Solution>
